
Microsoft Visual Studio Solution File, Format Version 12.00
# Visual Studio 15
VisualStudioVersion = 15.0.28010.2046
MinimumVisualStudioVersion = 10.0.40219.1
Project("{FAE04EC0-301F-11D3-BF4B-00C04F79EFBC}") = "M12", "M12\M12.csproj", "{0D53D43A-73DE-4AB8-9549-E9C06675928F}"
EndProject
Project("{FAE04EC0-301F-11D3-BF4B-00C04F79EFBC}") = "M12Tests", "M12Tests\M12Tests.csproj", "{62BD8C4D-68EB-414F-BA84-366FB4A438D4}"
EndProject
Global
	GlobalSection(SolutionConfigurationPlatforms) = preSolution
		Debug|Any CPU = Debug|Any CPU
		Release|Any CPU = Release|Any CPU
	EndGlobalSection
	GlobalSection(ProjectConfigurationPlatforms) = postSolution
		{0D53D43A-73DE-4AB8-9549-E9C06675928F}.Debug|Any CPU.ActiveCfg = Debug|Any CPU
		{0D53D43A-73DE-4AB8-9549-E9C06675928F}.Debug|Any CPU.Build.0 = Debug|Any CPU
		{0D53D43A-73DE-4AB8-9549-E9C06675928F}.Release|Any CPU.ActiveCfg = Release|Any CPU
		{0D53D43A-73DE-4AB8-9549-E9C06675928F}.Release|Any CPU.Build.0 = Release|Any CPU
		{62BD8C4D-68EB-414F-BA84-366FB4A438D4}.Debug|Any CPU.ActiveCfg = Debug|Any CPU
		{62BD8C4D-68EB-414F-BA84-366FB4A438D4}.Debug|Any CPU.Build.0 = Debug|Any CPU
		{62BD8C4D-68EB-414F-BA84-366FB4A438D4}.Release|Any CPU.ActiveCfg = Release|Any CPU
		{62BD8C4D-68EB-414F-BA84-366FB4A438D4}.Release|Any CPU.Build.0 = Release|Any CPU
	EndGlobalSection
	GlobalSection(SolutionProperties) = preSolution
		HideSolutionNode = FALSE
	EndGlobalSection
	GlobalSection(ExtensibilityGlobals) = postSolution
		SolutionGuid = {74D9D775-26E0-4A0F-A685-F821A4DEF3BE}
	EndGlobalSection
EndGlobal
